
Microsoft Visual Studio Solution File, Format Version 12.00
Project("{FAE04EC0-301F-11D3-BF4B-00C04F79EFBC}") = "Image File Renamer", "Image File Renamer\Image File Renamer.csproj", "{AF8905CF-6393-42FA-AB8D-523EB68F899C}"
EndProject
Global
	GlobalSection(SolutionConfigurationPlatforms) = preSolution
		Debug|Any CPU = Debug|Any CPU
		Release|Any CPU = Release|Any CPU
	EndGlobalSection
	GlobalSection(ProjectConfigurationPlatforms) = postSolution
		{AF8905CF-6393-42FA-AB8D-523EB68F899C}.Debug|Any CPU.ActiveCfg = Debug|Any CPU
		{AF8905CF-6393-42FA-AB8D-523EB68F899C}.Debug|Any CPU.Build.0 = Debug|Any CPU
		{AF8905CF-6393-42FA-AB8D-523EB68F899C}.Release|Any CPU.ActiveCfg = Release|Any CPU
		{AF8905CF-6393-42FA-AB8D-523EB68F899C}.Release|Any CPU.Build.0 = Release|Any CPU
	EndGlobalSection
EndGlobal
